{
  "mods": {
    "887302721": {
      "files": [
        "addons/A3_Paddle_Mod.pbo"
      ],
      "name": "Boat Mod | Paddle Mod",
      "dependencies": [],
      "updated": "0"
    },
    "3613999293": {
      "files": [
        "addons/DIS.pbo"
      ],
      "name": "CTR | Dynamic Incognito System",
      "dependencies": [],
      "updated": "0"
    },
    "1736188034": {
      "files": [
        "addons/GR.pbo"
      ],
      "name": "Laws Of War | Guilt & Remembrance",
      "dependencies": [],
      "updated": "0"
    },
    "3623437185": {
      "files": [
        "addons/Pathing.pbo"
      ],
      "name": "AI | AI Paths",
      "dependencies": [],
      "updated": "0"
    },
    "3596653038": {
      "files": [
        "addons/Peral_LHA.pbo"
      ],
      "name": "Boat Mod | LHA",
      "dependencies": [],
      "updated": "0"
    },
    "2128773802": {
      "files": [
        "addons/real_camosystem.pbo"
      ],
      "name": "Camouflage | RE: Camosys",
      "dependencies": [],
      "updated": "0"
    },
    "3604061980": {
      "files": [
        "addons/fnr_rfnerf.pbo"
      ],
      "name": "AI | RHS AFRF Armor Nerf",
      "dependencies": [],
      "updated": "0"
    },
    "2281685552": {
      "files": [
        "addons/ship_sonar.pbo"
      ],
      "name": "Boat Mod | Forward Scan Sonar For Ships",
      "dependencies": [],
      "updated": "0"
    }
  }
}