{
  "mods": {
    "887302721": {
      "files": [
        "addons/A3_Paddle_Mod.pbo"
      ],
      "name": "Paddle Mod",
      "dependencies": [],
      "updated": "1647323191"
    },
    "1736188034": {
      "files": [
        "addons/GR.pbo"
      ],
      "name": "Guilt & Remembrance",
      "dependencies": [
        {
          "id": "463939057",
          "name": "Mod 463939057"
        }
      ],
      "updated": "1596147729"
    },
    "2128773802": {
      "files": [
        "addons/real_camosystem.pbo"
      ],
      "name": "RE: Camosys",
      "dependencies": [],
      "updated": "1603606165"
    },
    "2281685552": {
      "files": [
        "addons/ship_sonar.pbo"
      ],
      "name": "Forward Scan Sonar For Ships",
      "dependencies": [],
      "updated": "1611696550"
    },
    "2888888564": {
      "files": [
        "addons/ae3_armaos.pbo",
        "addons/ae3_filesystem.pbo",
        "addons/ae3_flashdrive.pbo",
        "addons/ae3_interaction.pbo",
        "addons/ae3_main.pbo",
        "addons/ae3_network.pbo",
        "addons/ae3_power.pbo"
      ],
      "name": "Advanced Equipment",
      "dependencies": [
        {
          "id": "463939057",
          "name": "Mod 463939057"
        }
      ],
      "updated": "1765940690"
    },
    "3164316521": {
      "files": [
        "addons/RS_Equip_Retention.pbo"
      ],
      "name": "1 Troop Retention Lanyards",
      "dependencies": [],
      "updated": "1742506895"
    },
    "3303750651": {
      "files": [
        "addons/RS_Sys_Compliance.pbo"
      ],
      "name": "1 Troop Compliance System",
      "dependencies": [
        {
          "id": "1779063631",
          "name": "Zeus Enhanced"
        },
        {
          "id": "463939057",
          "name": "Mod 463939057"
        }
      ],
      "updated": "1722905649"
    },
    "3462231740": {
      "files": [
        "addons/RS_Sys_Chemlights.pbo"
      ],
      "name": "1 Troop Chemlight System",
      "dependencies": [],
      "updated": "1744414673"
    },
    "3613999293": {
      "files": [
        "addons/DIS.pbo"
      ],
      "name": "Dynamic Incognito System",
      "dependencies": [],
      "updated": "1776530484"
    },
    "3741044939": {
      "files": [
        "addons/DISP_compat.pbo",
        "addons/DISP_main.pbo"
      ],
      "name": "Dynamic Incognito System Patch",
      "dependencies": [
        {
          "id": "450814997",
          "name": "Mod 450814997"
        }
      ],
      "updated": "1780934137"
    },
    "2482773252": {
      "files": [
        "addons/mttb_main.pbo"
      ],
      "name": "Military Tandem Tethered Bundle",
      "dependencies": [],
      "updated": "1677290848"
    },
    "3571982186": {
      "files": [
        "addons/gg_car_stereo.pbo",
        "addons/gg_compact_discs.pbo",
        "addons/gg_fonts.pbo",
        "addons/gg_main.pbo",
        "addons/gg_music.pbo"
      ],
      "name": "Gunmetal Grooves",
      "dependencies": [
        {
          "id": "450814997",
          "name": "Mod 450814997"
        }
      ],
      "updated": "1773230475"
    }
  }
}