{
  "mods": {
    "887302721": {
      "files": [
        "addons/A3_Paddle_Mod.pbo"
      ],
      "name": "Paddle Mod",
      "dependencies": [],
      "updated": "1647323191"
    },
    "3613999293": {
      "files": [
        "addons/DIS.pbo"
      ],
      "name": "Dynamic Incognito System",
      "dependencies": [],
      "updated": "1769165897"
    },
    "1736188034": {
      "files": [
        "addons/GR.pbo"
      ],
      "name": "Guilt & Remembrance",
      "dependencies": [
        {
          "id": "463939057",
          "name": "Mod 463939057"
        }
      ],
      "updated": "1596147729"
    },
    "3623437185": {
      "files": [
        "addons/Pathing.pbo"
      ],
      "name": "AI Paths",
      "dependencies": [],
      "updated": "1767609923"
    },
    "3596653038": {
      "files": [
        "addons/Peral_LHA.pbo"
      ],
      "name": "LHA",
      "dependencies": [],
      "updated": "1766728522"
    },
    "2128773802": {
      "files": [
        "addons/real_camosystem.pbo"
      ],
      "name": "RE: Camosys",
      "dependencies": [],
      "updated": "1603606165"
    },
    "3604061980": {
      "files": [
        "addons/fnr_rfnerf.pbo"
      ],
      "name": "RHS AFRF Armor Nerf",
      "dependencies": [
        {
          "id": "450814997",
          "name": "Mod 450814997"
        }
      ],
      "updated": "1769626718"
    },
    "2281685552": {
      "files": [
        "addons/ship_sonar.pbo"
      ],
      "name": "Forward Scan Sonar For Ships",
      "dependencies": [],
      "updated": "1611696550"
    }
  }
}